Microsoft Visual Studio Solution File, Format Version 12.00
# Visual Studio Version 17
VisualStudioVersion = 17.0.31903.59
MinimumVisualStudioVersion = 10.0.40219.1
Project("{9A19103F-16F7-4668-BE54-9A1E7A4F7556}") = "CloudFileHub", "CloudFileHub\CloudFileHub.csproj", "{4AA9E34C-D4B8-4E62-8A4F-19A1F9F9B4A1}"
EndProject
Global
	GlobalSection(SolutionConfigurationPlatforms) = preSolution
		Debug|Any CPU = Debug|Any CPU
		Release|Any CPU = Release|Any CPU
	EndGlobalSection
	GlobalSection(ProjectConfigurationPlatforms) = postSolution
		{4AA9E34C-D4B8-4E62-8A4F-19A1F9F9B4A1}.Debug|Any CPU.ActiveCfg = Debug|Any CPU
		{4AA9E34C-D4B8-4E62-8A4F-19A1F9F9B4A1}.Debug|Any CPU.Build.0 = Debug|Any CPU
		{4AA9E34C-D4B8-4E62-8A4F-19A1F9F9B4A1}.Release|Any CPU.ActiveCfg = Release|Any CPU
		{4AA9E34C-D4B8-4E62-8A4F-19A1F9F9B4A1}.Release|Any CPU.Build.0 = Release|Any CPU
	EndGlobalSection
	GlobalSection(SolutionProperties) = preSolution
		HideSolutionNode = FALSE
	EndGlobalSection
	GlobalSection(ExtensibilityGlobals) = postSolution
		SolutionGuid = {6D4E2F8B-9B5A-4A8A-8F1E-8E5B8C9D0F1E}
	EndGlobalSection
EndGlobal
